
Microsoft Visual Studio Solution File, Format Version 12.00
# Visual Studio Version 16
VisualStudioVersion = 16.0.31624.102
MinimumVisualStudioVersion = 10.0.40219.1
Project("{FAE04EC0-301F-11D3-BF4B-00C04F79EFBC}") = "JogoDeAdivinhacao(WF)", "JogoDeAdivinhacao(WF)\JogoDeAdivinhacao(WF).csproj", "{4A983FF9-A5B7-4C42-85A7-3420CD32ACFD}"
EndProject
Global
	GlobalSection(SolutionConfigurationPlatforms) = preSolution
		Debug|Any CPU = Debug|Any CPU
		Release|Any CPU = Release|Any CPU
	EndGlobalSection
	GlobalSection(ProjectConfigurationPlatforms) = postSolution
		{4A983FF9-A5B7-4C42-85A7-3420CD32ACFD}.Debug|Any CPU.ActiveCfg = Debug|Any CPU
		{4A983FF9-A5B7-4C42-85A7-3420CD32ACFD}.Debug|Any CPU.Build.0 = Debug|Any CPU
		{4A983FF9-A5B7-4C42-85A7-3420CD32ACFD}.Release|Any CPU.ActiveCfg = Release|Any CPU
		{4A983FF9-A5B7-4C42-85A7-3420CD32ACFD}.Release|Any CPU.Build.0 = Release|Any CPU
	EndGlobalSection
	GlobalSection(SolutionProperties) = preSolution
		HideSolutionNode = FALSE
	EndGlobalSection
	GlobalSection(ExtensibilityGlobals) = postSolution
		SolutionGuid = {B3C5086C-F97C-497B-BF0C-F6EE23E3835A}
	EndGlobalSection
EndGlobal
